// !$*UTF8*$!
{
	archiveVersion = 1;
	classes = {
	};
	objectVersion = 46;
	objects = {

/* Begin PBXBuildFile section */
		678B96C287654B89C68C21A7 /* Pods_Example.framework in Frameworks */ = {isa = PBXBuildFile; fileRef = 22482418A5F7986FC45EDC1E /* Pods_Example.framework */; };
		EC256FDB1E61FFEB008E79B2 /* AppDelegate.swift in Sources */ = {isa = PBXBuildFile; fileRef = EC256FDA1E61FFEB008E79B2 /* AppDelegate.swift */; };
		EC256FDD1E61FFEB008E79B2 /* ViewController.swift in Sources */ = {isa = PBXBuildFile; fileRef = EC256FDC1E61FFEB008E79B2 /* ViewController.swift */; };
		EC256FE01E61FFEB008E79B2 /* Main.storyboard in Resources */ = {isa = PBXBuildFile; fileRef = EC256FDE1E61FFEB008E79B2 /* Main.storyboard */; };
		EC256FE21E61FFEB008E79B2 /* Assets.xcassets in Resources */ = {isa = PBXBuildFile; fileRef = EC256FE11E61FFEB008E79B2 /* Assets.xcassets */; };
		EC256FE51E61FFEB008E79B2 /* LaunchScreen.storyboard in Resources */ = {isa = PBXBuildFile; fileRef = EC256FE31E61FFEB008E79B2 /* LaunchScreen.storyboard */; };
/* End PBXBuildFile section */

/* Begin PBXFileReference section */
		22482418A5F7986FC45EDC1E /* Pods_Example.framework */ = {isa = PBXFileReference; explicitFileType = wrapper.framework; includeInIndex = 0; path = Pods_Example.framework; sourceTree = BUILT_PRODUCTS_DIR; };
		CF960CB0662C67DF4D0492B2 /* Pods-Example.release.xcconfig */ = {isa = PBXFileReference; includeInIndex = 1; lastKnownFileType = text.xcconfig; name = "Pods-Example.release.xcconfig"; path = "Pods/Target Support Files/Pods-Example/Pods-Example.release.xcconfig"; sourceTree = "<group>"; };
		EC256FD71E61FFEB008E79B2 /* Example.app */ = {isa = PBXFileReference; explicitFileType = wrapper.application; includeInIndex = 0; path = Example.app; sourceTree = BUILT_PRODUCTS_DIR; };
		EC256FDA1E61FFEB008E79B2 /* AppDelegate.swift */ = {isa = PBXFileReference; lastKnownFileType = sourcecode.swift; path = AppDelegate.swift; sourceTree = "<group>"; };
		EC256FDC1E61FFEB008E79B2 /* ViewController.swift */ = {isa = PBXFileReference; lastKnownFileType = sourcecode.swift; path = ViewController.swift; sourceTree = "<group>"; };
		EC256FDF1E61FFEB008E79B2 /* Base */ = {isa = PBXFileReference; lastKnownFileType = file.storyboard; name = Base; path = Base.lproj/Main.storyboard; sourceTree = "<group>"; };
		EC256FE11E61FFEB008E79B2 /* Assets.xcassets */ = {isa = PBXFileReference; lastKnownFileType = folder.assetcatalog; path = Assets.xcassets; sourceTree = "<group>"; };
		EC256FE41E61FFEB008E79B2 /* Base */ = {isa = PBXFileReference; lastKnownFileType = file.storyboard; name = Base; path = Base.lproj/LaunchScreen.storyboard; sourceTree = "<group>"; };
		EC256FE61E61FFEB008E79B2 /* Info.plist */ = {isa = PBXFileReference; lastKnownFileType = text.plist.xml; path = Info.plist; sourceTree = "<group>"; };
		EFAD445661C8A0CD0F56D7AE /* Pods-Example.debug.xcconfig */ = {isa = PBXFileReference; includeInIndex = 1; lastKnownFileType = text.xcconfig; name = "Pods-Example.debug.xcconfig"; path = "Pods/Target Support Files/Pods-Example/Pods-Example.debug.xcconfig"; sourceTree = "<group>"; };
/* End PBXFileReference section */

/* Begin PBXFrameworksBuildPhase section */
		EC256FD41E61FFEB008E79B2 /* Frameworks */ = {
			isa = PBXFrameworksBuildPhase;
			buildActionMask = 2147483647;
			files = (
				678B96C287654B89C68C21A7 /* Pods_Example.framework in Frameworks */,
			);
			runOnlyForDeploymentPostprocessing = 0;
		};
/* End PBXFrameworksBuildPhase section */

/* Begin PBXGroup section */
		361708C0776F4F31E2E080D7 /* Frameworks */ = {
			isa = PBXGroup;
			children = (
				22482418A5F7986FC45EDC1E /* Pods_Example.framework */,
			);
			name = Frameworks;
			sourceTree = "<group>";
		};
		954F6C3FA97230188F80A9FF /* Pods */ = {
			isa = PBXGroup;
			children = (
				EFAD445661C8A0CD0F56D7AE /* Pods-Example.debug.xcconfig */,
				CF960CB0662C67DF4D0492B2 /* Pods-Example.release.xcconfig */,
			);
			name = Pods;
			sourceTree = "<group>";
		};
		EC256FCE1E61FFEB008E79B2 = {
			isa = PBXGroup;
			children = (
				EC256FD91E61FFEB008E79B2 /* Example */,
				EC256FD81E61FFEB008E79B2 /* Products */,
				954F6C3FA97230188F80A9FF /* Pods */,
				361708C0776F4F31E2E080D7 /* Frameworks */,
			);
			sourceTree = "<group>";
		};
		EC256FD81E61FFEB008E79B2 /* Products */ = {
			isa = PBXGroup;
			children = (
				EC256FD71E61FFEB008E79B2 /* Example.app */,
			);
			name = Products;
			sourceTree = "<group>";
		};
		EC256FD91E61FFEB008E79B2 /* Example */ = {
			isa = PBXGroup;
			children = (
				EC256FDA1E61FFEB008E79B2 /* AppDelegate.swift */,
				EC256FDC1E61FFEB008E79B2 /* ViewController.swift */,
				EC256FDE1E61FFEB008E79B2 /* Main.storyboard */,
				EC256FE11E61FFEB008E79B2 /* Assets.xcassets */,
				EC256FE31E61FFEB008E79B2 /* LaunchScreen.storyboard */,
				EC256FE61E61FFEB008E79B2 /* Info.plist */,
			);
			path = Example;
			sourceTree = "<group>";
		};
/* End PBXGroup section */

/* Begin PBXNativeTarget section */
		EC256FD61E61FFEB008E79B2 /* Example */ = {
			isa = PBXNativeTarget;
			buildConfigurationList = EC256FE91E61FFEB008E79B2 /* Build configuration list for PBXNativeTarget "Example" */;
			buildPhases = (
				B2997900C9478C43D25F8F32 /* [CP] Check Pods Manifest.lock */,
				EC256FD31E61FFEB008E79B2 /* Sources */,
				EC256FD41E61FFEB008E79B2 /* Frameworks */,
				EC256FD51E61FFEB008E79B2 /* Resources */,
				BBB9E78AC0D7795C231E0BB1 /* [CP] Embed Pods Frameworks */,
				A396FDF6F10943066152CE9F /* [CP] Copy Pods Resources */,
			);
			buildRules = (
			);
			dependencies = (
			);
			name = Example;
			productName = Example;
			productReference = EC256FD71E61FFEB008E79B2 /* Example.app */;
			productType = "com.apple.product-type.application";
		};
/* End PBXNativeTarget section */

/* Begin PBXProject section */
		EC256FCF1E61FFEB008E79B2 /* Project object */ = {
			isa = PBXProject;
			attributes = {
				LastSwiftUpdateCheck = 0820;
				LastUpgradeCheck = 0820;
				ORGANIZATIONNAME = "Kaique Damato";
				TargetAttributes = {
					EC256FD61E61FFEB008E79B2 = {
						CreatedOnToolsVersion = 8.2.1;
						DevelopmentTeam = 66BPT5DT27;
						ProvisioningStyle = Automatic;
					};
				};
			};
			buildConfigurationList = EC256FD21E61FFEB008E79B2 /* Build configuration list for PBXProject "Example" */;
			compatibilityVersion = "Xcode 3.2";
			developmentRegion = English;
			hasScannedForEncodings = 0;
			knownRegions = (
				en,
				Base,
			);
			mainGroup = EC256FCE1E61FFEB008E79B2;
			productRefGroup = EC256FD81E61FFEB008E79B2 /* Products */;
			projectDirPath = "";
			projectRoot = "";
			targets = (
				EC256FD61E61FFEB008E79B2 /* Example */,
			);
		};
/* End PBXProject section */

/* Begin PBXResourcesBuildPhase section */
		EC256FD51E61FFEB008E79B2 /* Resources */ = {
			isa = PBXResourcesBuildPhase;
			buildActionMask = 2147483647;
			files = (
				EC256FE51E61FFEB008E79B2 /* LaunchScreen.storyboard in Resources */,
				EC256FE21E61FFEB008E79B2 /* Assets.xcassets in Resources */,
				EC256FE01E61FFEB008E79B2 /* Main.storyboard in Resources */,
			);
			runOnlyForDeploymentPostprocessing = 0;
		};
/* End PBXResourcesBuildPhase section */

/* Begin PBXShellScriptBuildPhase section */
		A396FDF6F10943066152CE9F /* [CP] Copy Pods Resources */ = {
			isa = PBXShellScriptBuildPhase;
			buildActionMask = 2147483647;
			files = (
			);
			inputPaths = (
			);
			name = "[CP] Copy Pods Resources";
			outputPaths = (
			);
			runOnlyForDeploymentPostprocessing = 0;
			shellPath = /bin/sh;
			shellScript = "\"${SRCROOT}/Pods/Target Support Files/Pods-Example/Pods-Example-resources.sh\"\n";
			showEnvVarsInLog = 0;
		};
		B2997900C9478C43D25F8F32 /* [CP] Check Pods Manifest.lock */ = {
			isa = PBXShellScriptBuildPhase;
			buildActionMask = 2147483647;
			files = (
			);
			inputPaths = (
			);
			name = "[CP] Check Pods Manifest.lock";
			outputPaths = (
			);
			runOnlyForDeploymentPostprocessing = 0;
			shellPath = /bin/sh;
			shellScript = "diff \"${PODS_ROOT}/../Podfile.lock\" \"${PODS_ROOT}/Manifest.lock\" > /dev/null\nif [ $? != 0 ] ; then\n    # print error to STDERR\n    echo \"error: The sandbox is not in sync with the Podfile.lock. Run 'pod install' or update your CocoaPods installation.\" >&2\n    exit 1\nfi\n";
			showEnvVarsInLog = 0;
		};
		BBB9E78AC0D7795C231E0BB1 /* [CP] Embed Pods Frameworks */ = {
			isa = PBXShellScriptBuildPhase;
			buildActionMask = 2147483647;
			files = (
			);
			inputPaths = (
			);
			name = "[CP] Embed Pods Frameworks";
			outputPaths = (
			);
			runOnlyForDeploymentPostprocessing = 0;
			shellPath = /bin/sh;
			shellScript = "\"${SRCROOT}/Pods/Target Support Files/Pods-Example/Pods-Example-frameworks.sh\"\n";
			showEnvVarsInLog = 0;
		};
/* End PBXShellScriptBuildPhase section */

/* Begin PBXSourcesBuildPhase section */
		EC256FD31E61FFEB008E79B2 /* Sources */ = {
			isa = PBXSourcesBuildPhase;
			buildActionMask = 2147483647;
			files = (
				EC256FDD1E61FFEB008E79B2 /* ViewController.swift in Sources */,
				EC256FDB1E61FFEB008E79B2 /* AppDelegate.swift in Sources */,
			);
			runOnlyForDeploymentPostprocessing = 0;
		};
/* End PBXSourcesBuildPhase section */

/* Begin PBXVariantGroup section */
		EC256FDE1E61FFEB008E79B2 /* Main.storyboard */ = {
			isa = PBXVariantGroup;
			children = (
				EC256FDF1E61FFEB008E79B2 /* Base */,
			);
			name = Main.storyboard;
			sourceTree = "<group>";
		};
		EC256FE31E61FFEB008E79B2 /* LaunchScreen.storyboard */ = {
			isa = PBXVariantGroup;
			children = (
				EC256FE41E61FFEB008E79B2 /* Base */,
			);
			name = LaunchScreen.storyboard;
			sourceTree = "<group>";
		};
/* End PBXVariantGroup section */

/* Begin XCBuildConfiguration section */
		EC256FE71E61FFEB008E79B2 /* Debug */ = {
			isa = XCBuildConfiguration;
			buildSettings = {
				ALWAYS_SEARCH_USER_PATHS = NO;
				CLANG_ANALYZER_NONNULL = YES;
				CLANG_CXX_LANGUAGE_STANDARD = "gnu++0x";
				CLANG_CXX_LIBRARY = "libc++";
				CLANG_ENABLE_MODULES = YES;
				CLANG_ENABLE_OBJC_ARC = YES;
				CLANG_WARN_BOOL_CONVERSION = YES;
				CLANG_WARN_CONSTANT_CONVERSION = YES;
				CLANG_WARN_DIRECT_OBJC_ISA_USAGE = YES_ERROR;
				CLANG_WARN_DOCUMENTATION_COMMENTS = YES;
				CLANG_WARN_EMPTY_BODY = YES;
				CLANG_WARN_ENUM_CONVERSION = YES;
				CLANG_WARN_INFINITE_RECURSION = YES;
				CLANG_WARN_INT_CONVERSION = YES;
				CLANG_WARN_OBJC_ROOT_CLASS = YES_ERROR;
				CLANG_WARN_SUSPICIOUS_MOVE = YES;
				CLANG_WARN_UNREACHABLE_CODE = YES;
				CLANG_WARN__DUPLICATE_METHOD_MATCH = YES;
				"CODE_SIGN_IDENTITY[sdk=iphoneos*]" = "iPhone Developer";
				COPY_PHASE_STRIP = NO;
				DEBUG_INFORMATION_FORMAT = dwarf;
				ENABLE_STRICT_OBJC_MSGSEND = YES;
				ENABLE_TESTABILITY = YES;
				GCC_C_LANGUAGE_STANDARD = gnu99;
				GCC_DYNAMIC_NO_PIC = NO;
				GCC_NO_COMMON_BLOCKS = YES;
				GCC_OPTIMIZATION_LEVEL = 0;
				GCC_PREPROCESSOR_DEFINITIONS = (
					"DEBUG=1",
					"$(inherited)",
				);
				GCC_WARN_64_TO_32_BIT_CONVERSION = YES;
				GCC_WARN_ABOUT_RETURN_TYPE = YES_ERROR;
				GCC_WARN_UNDECLARED_SELECTOR = YES;
				GCC_WARN_UNINITIALIZED_AUTOS = YES_AGGRESSIVE;
				GCC_WARN_UNUSED_FUNCTION = YES;
				GCC_WARN_UNUSED_VARIABLE = YES;
				IPHONEOS_DEPLOYMENT_TARGET = 10.2;
				MTL_ENABLE_DEBUG_INFO = YES;
				ONLY_ACTIVE_ARCH = YES;
				SDKROOT = iphoneos;
				SWIFT_ACTIVE_COMPILATION_CONDITIONS = DEBUG;
				SWIFT_OPTIMIZATION_LEVEL = "-Onone";
				TARGETED_DEVICE_FAMILY = "1,2";
			};
			name = Debug;
		};
		EC256FE81E61FFEB008E79B2 /* Release */ = {
			isa = XCBuildConfiguration;
			buildSettings = {
				ALWAYS_SEARCH_USER_PATHS = NO;
				CLANG_ANALYZER_NONNULL = YES;
				CLANG_CXX_LANGUAGE_STANDARD = "gnu++0x";
				CLANG_CXX_LIBRARY = "libc++";
				CLANG_ENABLE_MODULES = YES;
				CLANG_ENABLE_OBJC_ARC = YES;
				CLANG_WARN_BOOL_CONVERSION = YES;
				CLANG_WARN_CONSTANT_CONVERSION = YES;
				CLANG_WARN_DIRECT_OBJC_ISA_USAGE = YES_ERROR;
				CLANG_WARN_DOCUMENTATION_COMMENTS = YES;
				CLANG_WARN_EMPTY_BODY = YES;
				CLANG_WARN_ENUM_CONVERSION = YES;
				CLANG_WARN_INFINITE_RECURSION = YES;
				CLANG_WARN_INT_CONVERSION = YES;
				CLANG_WARN_OBJC_ROOT_CLASS = YES_ERROR;
				CLANG_WARN_SUSPICIOUS_MOVE = YES;
				CLANG_WARN_UNREACHABLE_CODE = YES;
				CLANG_WARN__DUPLICATE_METHOD_MATCH = YES;
				"CODE_SIGN_IDENTITY[sdk=iphoneos*]" = "iPhone Developer";
				COPY_PHASE_STRIP = NO;
				DEBUG_INFORMATION_FORMAT = "dwarf-with-dsym";
				ENABLE_NS_ASSERTIONS = NO;
				ENABLE_STRICT_OBJC_MSGSEND = YES;
				GCC_C_LANGUAGE_STANDARD = gnu99;
				GCC_NO_COMMON_BLOCKS = YES;
				GCC_WARN_64_TO_32_BIT_CONVERSION = YES;
				GCC_WARN_ABOUT_RETURN_TYPE = YES_ERROR;
				GCC_WARN_UNDECLARED_SELECTOR = YES;
				GCC_WARN_UNINITIALIZED_AUTOS = YES_AGGRESSIVE;
				GCC_WARN_UNUSED_FUNCTION = YES;
				GCC_WARN_UNUSED_VARIABLE = YES;
				IPHONEOS_DEPLOYMENT_TARGET = 10.2;
				MTL_ENABLE_DEBUG_INFO = NO;
				SDKROOT = iphoneos;
				SWIFT_OPTIMIZATION_LEVEL = "-Owholemodule";
				TARGETED_DEVICE_FAMILY = "1,2";
				VALIDATE_PRODUCT = YES;
			};
			name = Release;
		};
		EC256FEA1E61FFEB008E79B2 /* Debug */ = {
			isa = XCBuildConfiguration;
			baseConfigurationReference = EFAD445661C8A0CD0F56D7AE /* Pods-Example.debug.xcconfig */;
			buildSettings = {
				ASSETCATALOG_COMPILER_APPICON_NAME = AppIcon;
				DEVELOPMENT_TEAM = 66BPT5DT27;
				INFOPLIST_FILE = Example/Info.plist;
				IPHONEOS_DEPLOYMENT_TARGET = 8.0;
				LD_RUNPATH_SEARCH_PATHS = "$(inherited) @executable_path/Frameworks";
				PRODUCT_BUNDLE_IDENTIFIER = com.kaiquedamato.Example;
				PRODUCT_NAME = "$(TARGET_NAME)";
				SWIFT_VERSION = 3.0;
			};
			name = Debug;
		};
		EC256FEB1E61FFEB008E79B2 /* Release */ = {
			isa = XCBuildConfiguration;
			baseConfigurationReference = CF960CB0662C67DF4D0492B2 /* Pods-Example.release.xcconfig */;
			buildSettings = {
				ASSETCATALOG_COMPILER_APPICON_NAME = AppIcon;
				DEVELOPMENT_TEAM = 66BPT5DT27;
				INFOPLIST_FILE = Example/Info.plist;
				IPHONEOS_DEPLOYMENT_TARGET = 8.0;
				LD_RUNPATH_SEARCH_PATHS = "$(inherited) @executable_path/Frameworks";
				PRODUCT_BUNDLE_IDENTIFIER = com.kaiquedamato.Example;
				PRODUCT_NAME = "$(TARGET_NAME)";
				SWIFT_VERSION = 3.0;
			};
			name = Release;
		};
/* End XCBuildConfiguration section */

/* Begin XCConfigurationList section */
		EC256FD21E61FFEB008E79B2 /* Build configuration list for PBXProject "Example" */ = {
			isa = XCConfigurationList;
			buildConfigurations = (
				EC256FE71E61FFEB008E79B2 /* Debug */,
				EC256FE81E61FFEB008E79B2 /* Release */,
			);
			defaultConfigurationIsVisible = 0;
			defaultConfigurationName = Release;
		};
		EC256FE91E61FFEB008E79B2 /* Build configuration list for PBXNativeTarget "Example" */ = {
			isa = XCConfigurationList;
			buildConfigurations = (
				EC256FEA1E61FFEB008E79B2 /* Debug */,
				EC256FEB1E61FFEB008E79B2 /* Release */,
			);
			defaultConfigurationIsVisible = 0;
			defaultConfigurationName = Release;
		};
/* End XCConfigurationList section */
	};
	rootObject = EC256FCF1E61FFEB008E79B2 /* Project object */;
}
